// !$*UTF8*$!
{
	archiveVersion = 1;
	classes = {
	};
	objectVersion = 46;
	objects = {

/* Begin PBXBuildFile section */
		53F9C3522D656740CCD3BB67 /* libPods-iosMap.a in Frameworks */ = {isa = PBXBuildFile; fileRef = FCAA644A50960F9D202140F7 /* libPods-iosMap.a */; };
		90BE22321D923F4500989780 /* AppDelegate.swift in Sources */ = {isa = PBXBuildFile; fileRef = 90BE22311D923F4500989780 /* AppDelegate.swift */; };
		90BE22341D923F4500989780 /* ViewController.swift in Sources */ = {isa = PBXBuildFile; fileRef = 90BE22331D923F4500989780 /* ViewController.swift */; };
		90BE22371D923F4500989780 /* Main.storyboard in Resources */ = {isa = PBXBuildFile; fileRef = 90BE22351D923F4500989780 /* Main.storyboard */; };
		90BE22391D923F4500989780 /* Assets.xcassets in Resources */ = {isa = PBXBuildFile; fileRef = 90BE22381D923F4500989780 /* Assets.xcassets */; };
		90BE223C1D923F4500989780 /* LaunchScreen.storyboard in Resources */ = {isa = PBXBuildFile; fileRef = 90BE223A1D923F4500989780 /* LaunchScreen.storyboard */; };
/* End PBXBuildFile section */

/* Begin PBXFileReference section */
		111E955BF35725DFBA127B52 /* Pods-iosMap.release.xcconfig */ = {isa = PBXFileReference; includeInIndex = 1; lastKnownFileType = text.xcconfig; name = "Pods-iosMap.release.xcconfig"; path = "Pods/Target Support Files/Pods-iosMap/Pods-iosMap.release.xcconfig"; sourceTree = "<group>"; };
		90BE222E1D923F4500989780 /* iosMap.app */ = {isa = PBXFileReference; explicitFileType = wrapper.application; includeInIndex = 0; path = iosMap.app; sourceTree = BUILT_PRODUCTS_DIR; };
		90BE22311D923F4500989780 /* AppDelegate.swift */ = {isa = PBXFileReference; lastKnownFileType = sourcecode.swift; path = AppDelegate.swift; sourceTree = "<group>"; };
		90BE22331D923F4500989780 /* ViewController.swift */ = {isa = PBXFileReference; lastKnownFileType = sourcecode.swift; path = ViewController.swift; sourceTree = "<group>"; };
		90BE22361D923F4500989780 /* Base */ = {isa = PBXFileReference; lastKnownFileType = file.storyboard; name = Base; path = Base.lproj/Main.storyboard; sourceTree = "<group>"; };
		90BE22381D923F4500989780 /* Assets.xcassets */ = {isa = PBXFileReference; lastKnownFileType = folder.assetcatalog; path = Assets.xcassets; sourceTree = "<group>"; };
		90BE223B1D923F4500989780 /* Base */ = {isa = PBXFileReference; lastKnownFileType = file.storyboard; name = Base; path = Base.lproj/LaunchScreen.storyboard; sourceTree = "<group>"; };
		90BE223D1D923F4500989780 /* Info.plist */ = {isa = PBXFileReference; lastKnownFileType = text.plist.xml; path = Info.plist; sourceTree = "<group>"; };
		BB99B88B732B3D7D2B953A22 /* Pods-iosMap.debug.xcconfig */ = {isa = PBXFileReference; includeInIndex = 1; lastKnownFileType = text.xcconfig; name = "Pods-iosMap.debug.xcconfig"; path = "Pods/Target Support Files/Pods-iosMap/Pods-iosMap.debug.xcconfig"; sourceTree = "<group>"; };
		FCAA644A50960F9D202140F7 /* libPods-iosMap.a */ = {isa = PBXFileReference; explicitFileType = archive.ar; includeInIndex = 0; path = "libPods-iosMap.a"; sourceTree = BUILT_PRODUCTS_DIR; };
/* End PBXFileReference section */

/* Begin PBXFrameworksBuildPhase section */
		90BE222B1D923F4500989780 /* Frameworks */ = {
			isa = PBXFrameworksBuildPhase;
			buildActionMask = 2147483647;
			files = (
				53F9C3522D656740CCD3BB67 /* libPods-iosMap.a in Frameworks */,
			);
			runOnlyForDeploymentPostprocessing = 0;
		};
/* End PBXFrameworksBuildPhase section */

/* Begin PBXGroup section */
		88D6E643BEBEB433FEA04FA4 /* Frameworks */ = {
			isa = PBXGroup;
			children = (
				FCAA644A50960F9D202140F7 /* libPods-iosMap.a */,
			);
			name = Frameworks;
			sourceTree = "<group>";
		};
		90BE22251D923F4500989780 = {
			isa = PBXGroup;
			children = (
				90BE22301D923F4500989780 /* iosMap */,
				90BE222F1D923F4500989780 /* Products */,
				F4C55B84CCEE447812367CED /* Pods */,
				88D6E643BEBEB433FEA04FA4 /* Frameworks */,
			);
			sourceTree = "<group>";
		};
		90BE222F1D923F4500989780 /* Products */ = {
			isa = PBXGroup;
			children = (
				90BE222E1D923F4500989780 /* iosMap.app */,
			);
			name = Products;
			sourceTree = "<group>";
		};
		90BE22301D923F4500989780 /* iosMap */ = {
			isa = PBXGroup;
			children = (
				90BE22311D923F4500989780 /* AppDelegate.swift */,
				90BE22331D923F4500989780 /* ViewController.swift */,
				90BE22351D923F4500989780 /* Main.storyboard */,
				90BE22381D923F4500989780 /* Assets.xcassets */,
				90BE223A1D923F4500989780 /* LaunchScreen.storyboard */,
				90BE223D1D923F4500989780 /* Info.plist */,
			);
			path = iosMap;
			sourceTree = "<group>";
		};
		F4C55B84CCEE447812367CED /* Pods */ = {
			isa = PBXGroup;
			children = (
				BB99B88B732B3D7D2B953A22 /* Pods-iosMap.debug.xcconfig */,
				111E955BF35725DFBA127B52 /* Pods-iosMap.release.xcconfig */,
			);
			name = Pods;
			sourceTree = "<group>";
		};
/* End PBXGroup section */

/* Begin PBXNativeTarget section */
		90BE222D1D923F4500989780 /* iosMap */ = {
			isa = PBXNativeTarget;
			buildConfigurationList = 90BE22401D923F4500989780 /* Build configuration list for PBXNativeTarget "iosMap" */;
			buildPhases = (
				AE7A6BC6FB1DDF90E1DDC94C /* [CP] Check Pods Manifest.lock */,
				90BE222A1D923F4500989780 /* Sources */,
				90BE222B1D923F4500989780 /* Frameworks */,
				90BE222C1D923F4500989780 /* Resources */,
				7317F00AA6EC2E227506596A /* [CP] Embed Pods Frameworks */,
				BC43AF12352DE43D71F62091 /* [CP] Copy Pods Resources */,
			);
			buildRules = (
			);
			dependencies = (
			);
			name = iosMap;
			productName = iosMap;
			productReference = 90BE222E1D923F4500989780 /* iosMap.app */;
			productType = "com.apple.product-type.application";
		};
/* End PBXNativeTarget section */

/* Begin PBXProject section */
		90BE22261D923F4500989780 /* Project object */ = {
			isa = PBXProject;
			attributes = {
				LastSwiftUpdateCheck = 0800;
				LastUpgradeCheck = 0800;
				ORGANIZATIONNAME = kratostracking;
				TargetAttributes = {
					90BE222D1D923F4500989780 = {
						CreatedOnToolsVersion = 8.0;
						DevelopmentTeam = 2HTJ4S23M7;
						ProvisioningStyle = Automatic;
					};
				};
			};
			buildConfigurationList = 90BE22291D923F4500989780 /* Build configuration list for PBXProject "iosMap" */;
			compatibilityVersion = "Xcode 3.2";
			developmentRegion = English;
			hasScannedForEncodings = 0;
			knownRegions = (
				en,
				Base,
			);
			mainGroup = 90BE22251D923F4500989780;
			productRefGroup = 90BE222F1D923F4500989780 /* Products */;
			projectDirPath = "";
			projectRoot = "";
			targets = (
				90BE222D1D923F4500989780 /* iosMap */,
			);
		};
/* End PBXProject section */

/* Begin PBXResourcesBuildPhase section */
		90BE222C1D923F4500989780 /* Resources */ = {
			isa = PBXResourcesBuildPhase;
			buildActionMask = 2147483647;
			files = (
				90BE223C1D923F4500989780 /* LaunchScreen.storyboard in Resources */,
				90BE22391D923F4500989780 /* Assets.xcassets in Resources */,
				90BE22371D923F4500989780 /* Main.storyboard in Resources */,
			);
			runOnlyForDeploymentPostprocessing = 0;
		};
/* End PBXResourcesBuildPhase section */

/* Begin PBXShellScriptBuildPhase section */
		7317F00AA6EC2E227506596A /* [CP] Embed Pods Frameworks */ = {
			isa = PBXShellScriptBuildPhase;
			buildActionMask = 2147483647;
			files = (
			);
			inputPaths = (
			);
			name = "[CP] Embed Pods Frameworks";
			outputPaths = (
			);
			runOnlyForDeploymentPostprocessing = 0;
			shellPath = /bin/sh;
			shellScript = "\"${SRCROOT}/Pods/Target Support Files/Pods-iosMap/Pods-iosMap-frameworks.sh\"\n";
			showEnvVarsInLog = 0;
		};
		AE7A6BC6FB1DDF90E1DDC94C /* [CP] Check Pods Manifest.lock */ = {
			isa = PBXShellScriptBuildPhase;
			buildActionMask = 2147483647;
			files = (
			);
			inputPaths = (
			);
			name = "[CP] Check Pods Manifest.lock";
			outputPaths = (
			);
			runOnlyForDeploymentPostprocessing = 0;
			shellPath = /bin/sh;
			shellScript = "diff \"${PODS_ROOT}/../Podfile.lock\" \"${PODS_ROOT}/Manifest.lock\" > /dev/null\nif [[ $? != 0 ]] ; then\n    cat << EOM\nerror: The sandbox is not in sync with the Podfile.lock. Run 'pod install' or update your CocoaPods installation.\nEOM\n    exit 1\nfi\n";
			showEnvVarsInLog = 0;
		};
		BC43AF12352DE43D71F62091 /* [CP] Copy Pods Resources */ = {
			isa = PBXShellScriptBuildPhase;
			buildActionMask = 2147483647;
			files = (
			);
			inputPaths = (
			);
			name = "[CP] Copy Pods Resources";
			outputPaths = (
			);
			runOnlyForDeploymentPostprocessing = 0;
			shellPath = /bin/sh;
			shellScript = "\"${SRCROOT}/Pods/Target Support Files/Pods-iosMap/Pods-iosMap-resources.sh\"\n";
			showEnvVarsInLog = 0;
		};
/* End PBXShellScriptBuildPhase section */

/* Begin PBXSourcesBuildPhase section */
		90BE222A1D923F4500989780 /* Sources */ = {
			isa = PBXSourcesBuildPhase;
			buildActionMask = 2147483647;
			files = (
				90BE22341D923F4500989780 /* ViewController.swift in Sources */,
				90BE22321D923F4500989780 /* AppDelegate.swift in Sources */,
			);
			runOnlyForDeploymentPostprocessing = 0;
		};
/* End PBXSourcesBuildPhase section */

/* Begin PBXVariantGroup section */
		90BE22351D923F4500989780 /* Main.storyboard */ = {
			isa = PBXVariantGroup;
			children = (
				90BE22361D923F4500989780 /* Base */,
			);
			name = Main.storyboard;
			sourceTree = "<group>";
		};
		90BE223A1D923F4500989780 /* LaunchScreen.storyboard */ = {
			isa = PBXVariantGroup;
			children = (
				90BE223B1D923F4500989780 /* Base */,
			);
			name = LaunchScreen.storyboard;
			sourceTree = "<group>";
		};
/* End PBXVariantGroup section */

/* Begin XCBuildConfiguration section */
		90BE223E1D923F4500989780 /* Debug */ = {
			isa = XCBuildConfiguration;
			buildSettings = {
				ALWAYS_SEARCH_USER_PATHS = NO;
				CLANG_ANALYZER_NONNULL = YES;
				CLANG_CXX_LANGUAGE_STANDARD = "gnu++0x";
				CLANG_CXX_LIBRARY = "libc++";
				CLANG_ENABLE_MODULES = YES;
				CLANG_ENABLE_OBJC_ARC = YES;
				CLANG_WARN_BOOL_CONVERSION = YES;
				CLANG_WARN_CONSTANT_CONVERSION = YES;
				CLANG_WARN_DIRECT_OBJC_ISA_USAGE = YES_ERROR;
				CLANG_WARN_DOCUMENTATION_COMMENTS = YES;
				CLANG_WARN_EMPTY_BODY = YES;
				CLANG_WARN_ENUM_CONVERSION = YES;
				CLANG_WARN_INFINITE_RECURSION = YES;
				CLANG_WARN_INT_CONVERSION = YES;
				CLANG_WARN_OBJC_ROOT_CLASS = YES_ERROR;
				CLANG_WARN_SUSPICIOUS_MOVE = YES;
				CLANG_WARN_SUSPICIOUS_MOVES = YES;
				CLANG_WARN_UNREACHABLE_CODE = YES;
				CLANG_WARN__DUPLICATE_METHOD_MATCH = YES;
				"CODE_SIGN_IDENTITY[sdk=iphoneos*]" = "iPhone Developer";
				COPY_PHASE_STRIP = NO;
				DEBUG_INFORMATION_FORMAT = dwarf;
				ENABLE_STRICT_OBJC_MSGSEND = YES;
				ENABLE_TESTABILITY = YES;
				GCC_C_LANGUAGE_STANDARD = gnu99;
				GCC_DYNAMIC_NO_PIC = NO;
				GCC_NO_COMMON_BLOCKS = YES;
				GCC_OPTIMIZATION_LEVEL = 0;
				GCC_PREPROCESSOR_DEFINITIONS = (
					"DEBUG=1",
					"$(inherited)",
				);
				GCC_WARN_64_TO_32_BIT_CONVERSION = YES;
				GCC_WARN_ABOUT_RETURN_TYPE = YES_ERROR;
				GCC_WARN_UNDECLARED_SELECTOR = YES;
				GCC_WARN_UNINITIALIZED_AUTOS = YES_AGGRESSIVE;
				GCC_WARN_UNUSED_FUNCTION = YES;
				GCC_WARN_UNUSED_VARIABLE = YES;
				IPHONEOS_DEPLOYMENT_TARGET = 10.0;
				MTL_ENABLE_DEBUG_INFO = YES;
				ONLY_ACTIVE_ARCH = YES;
				SDKROOT = iphoneos;
				SWIFT_ACTIVE_COMPILATION_CONDITIONS = DEBUG;
				SWIFT_OPTIMIZATION_LEVEL = "-Onone";
			};
			name = Debug;
		};
		90BE223F1D923F4500989780 /* Release */ = {
			isa = XCBuildConfiguration;
			buildSettings = {
				ALWAYS_SEARCH_USER_PATHS = NO;
				CLANG_ANALYZER_NONNULL = YES;
				CLANG_CXX_LANGUAGE_STANDARD = "gnu++0x";
				CLANG_CXX_LIBRARY = "libc++";
				CLANG_ENABLE_MODULES = YES;
				CLANG_ENABLE_OBJC_ARC = YES;
				CLANG_WARN_BOOL_CONVERSION = YES;
				CLANG_WARN_CONSTANT_CONVERSION = YES;
				CLANG_WARN_DIRECT_OBJC_ISA_USAGE = YES_ERROR;
				CLANG_WARN_DOCUMENTATION_COMMENTS = YES;
				CLANG_WARN_EMPTY_BODY = YES;
				CLANG_WARN_ENUM_CONVERSION = YES;
				CLANG_WARN_INFINITE_RECURSION = YES;
				CLANG_WARN_INT_CONVERSION = YES;
				CLANG_WARN_OBJC_ROOT_CLASS = YES_ERROR;
				CLANG_WARN_SUSPICIOUS_MOVE = YES;
				CLANG_WARN_SUSPICIOUS_MOVES = YES;
				CLANG_WARN_UNREACHABLE_CODE = YES;
				CLANG_WARN__DUPLICATE_METHOD_MATCH = YES;
				"CODE_SIGN_IDENTITY[sdk=iphoneos*]" = "iPhone Developer";
				COPY_PHASE_STRIP = NO;
				DEBUG_INFORMATION_FORMAT = "dwarf-with-dsym";
				ENABLE_NS_ASSERTIONS = NO;
				ENABLE_STRICT_OBJC_MSGSEND = YES;
				GCC_C_LANGUAGE_STANDARD = gnu99;
				GCC_NO_COMMON_BLOCKS = YES;
				GCC_WARN_64_TO_32_BIT_CONVERSION = YES;
				GCC_WARN_ABOUT_RETURN_TYPE = YES_ERROR;
				GCC_WARN_UNDECLARED_SELECTOR = YES;
				GCC_WARN_UNINITIALIZED_AUTOS = YES_AGGRESSIVE;
				GCC_WARN_UNUSED_FUNCTION = YES;
				GCC_WARN_UNUSED_VARIABLE = YES;
				IPHONEOS_DEPLOYMENT_TARGET = 10.0;
				MTL_ENABLE_DEBUG_INFO = NO;
				SDKROOT = iphoneos;
				SWIFT_OPTIMIZATION_LEVEL = "-Owholemodule";
				VALIDATE_PRODUCT = YES;
			};
			name = Release;
		};
		90BE22411D923F4500989780 /* Debug */ = {
			isa = XCBuildConfiguration;
			baseConfigurationReference = BB99B88B732B3D7D2B953A22 /* Pods-iosMap.debug.xcconfig */;
			buildSettings = {
				ASSETCATALOG_COMPILER_APPICON_NAME = AppIcon;
				DEVELOPMENT_TEAM = 2HTJ4S23M7;
				INFOPLIST_FILE = iosMap/Info.plist;
				LD_RUNPATH_SEARCH_PATHS = "$(inherited) @executable_path/Frameworks";
				PRODUCT_BUNDLE_IDENTIFIER = com.kratostracking.iosMap;
				PRODUCT_NAME = "$(TARGET_NAME)";
				SWIFT_VERSION = 3.0;
			};
			name = Debug;
		};
		90BE22421D923F4500989780 /* Release */ = {
			isa = XCBuildConfiguration;
			baseConfigurationReference = 111E955BF35725DFBA127B52 /* Pods-iosMap.release.xcconfig */;
			buildSettings = {
				ASSETCATALOG_COMPILER_APPICON_NAME = AppIcon;
				DEVELOPMENT_TEAM = 2HTJ4S23M7;
				INFOPLIST_FILE = iosMap/Info.plist;
				LD_RUNPATH_SEARCH_PATHS = "$(inherited) @executable_path/Frameworks";
				PRODUCT_BUNDLE_IDENTIFIER = com.kratostracking.iosMap;
				PRODUCT_NAME = "$(TARGET_NAME)";
				SWIFT_VERSION = 3.0;
			};
			name = Release;
		};
/* End XCBuildConfiguration section */

/* Begin XCConfigurationList section */
		90BE22291D923F4500989780 /* Build configuration list for PBXProject "iosMap" */ = {
			isa = XCConfigurationList;
			buildConfigurations = (
				90BE223E1D923F4500989780 /* Debug */,
				90BE223F1D923F4500989780 /* Release */,
			);
			defaultConfigurationIsVisible = 0;
			defaultConfigurationName = Release;
		};
		90BE22401D923F4500989780 /* Build configuration list for PBXNativeTarget "iosMap" */ = {
			isa = XCConfigurationList;
			buildConfigurations = (
				90BE22411D923F4500989780 /* Debug */,
				90BE22421D923F4500989780 /* Release */,
			);
			defaultConfigurationIsVisible = 0;
			defaultConfigurationName = Release;
		};
/* End XCConfigurationList section */
	};
	rootObject = 90BE22261D923F4500989780 /* Project object */;
}
